
Microsoft Visual Studio Solution File, Format Version 12.00
# Visual Studio Version 17
VisualStudioVersion = 17.0.31903.59
MinimumVisualStudioVersion = 10.0.40219.1
Project("{2150E333-8FDC-42A3-9474-1A3956D46DE8}") = "src", "src", "{C32E610F-6386-444D-9A85-5EB9EE75AFA5}"
EndProject
Project("{FAE04EC0-301F-11D3-BF4B-00C04F79EFBC}") = "ProjectTracker.Api", "src\ProjectTracker.Api\ProjectTracker.Api.csproj", "{7833831E-E845-4829-AB0F-DD0960D012F4}"
EndProject
Project("{2150E333-8FDC-42A3-9474-1A3956D46DE8}") = "tests", "tests", "{9031F378-6A57-4DA8-824C-CEC49931046A}"
EndProject
Project("{FAE04EC0-301F-11D3-BF4B-00C04F79EFBC}") = "ProjectTracker.Tests", "tests\ProjectTracker.Tests\ProjectTracker.Tests.csproj", "{1C36E845-602C-4596-BA43-0553D76D0260}"
EndProject
Global
	GlobalSection(SolutionConfigurationPlatforms) = preSolution
		Debug|Any CPU = Debug|Any CPU
		Release|Any CPU = Release|Any CPU
	EndGlobalSection
	GlobalSection(SolutionProperties) = preSolution
		HideSolutionNode = FALSE
	EndGlobalSection
	GlobalSection(ProjectConfigurationPlatforms) = postSolution
		{7833831E-E845-4829-AB0F-DD0960D012F4}.Debug|Any CPU.ActiveCfg = Debug|Any CPU
		{7833831E-E845-4829-AB0F-DD0960D012F4}.Debug|Any CPU.Build.0 = Debug|Any CPU
		{7833831E-E845-4829-AB0F-DD0960D012F4}.Release|Any CPU.ActiveCfg = Release|Any CPU
		{7833831E-E845-4829-AB0F-DD0960D012F4}.Release|Any CPU.Build.0 = Release|Any CPU
		{1C36E845-602C-4596-BA43-0553D76D0260}.Debug|Any CPU.ActiveCfg = Debug|Any CPU
		{1C36E845-602C-4596-BA43-0553D76D0260}.Debug|Any CPU.Build.0 = Debug|Any CPU
		{1C36E845-602C-4596-BA43-0553D76D0260}.Release|Any CPU.ActiveCfg = Release|Any CPU
		{1C36E845-602C-4596-BA43-0553D76D0260}.Release|Any CPU.Build.0 = Release|Any CPU
	EndGlobalSection
	GlobalSection(NestedProjects) = preSolution
		{7833831E-E845-4829-AB0F-DD0960D012F4} = {C32E610F-6386-444D-9A85-5EB9EE75AFA5}
		{1C36E845-602C-4596-BA43-0553D76D0260} = {9031F378-6A57-4DA8-824C-CEC49931046A}
	EndGlobalSection
EndGlobal
